
Microsoft Visual Studio Solution File, Format Version 12.00
# Visual Studio Version 17
VisualStudioVersion = 17.3.32819.101
MinimumVisualStudioVersion = 10.0.40219.1
Project("{FAE04EC0-301F-11D3-BF4B-00C04F79EFBC}") = "ponto semanal", "ponto semanal\ponto semanal.csproj", "{7C1A0C42-72DC-4440-9EB3-F1A457AB6718}"
EndProject
Global
	GlobalSection(SolutionConfigurationPlatforms) = preSolution
		Debug|Any CPU = Debug|Any CPU
		Release|Any CPU = Release|Any CPU
	EndGlobalSection
	GlobalSection(ProjectConfigurationPlatforms) = postSolution
		{7C1A0C42-72DC-4440-9EB3-F1A457AB6718}.Debug|Any CPU.ActiveCfg = Debug|Any CPU
		{7C1A0C42-72DC-4440-9EB3-F1A457AB6718}.Debug|Any CPU.Build.0 = Debug|Any CPU
		{7C1A0C42-72DC-4440-9EB3-F1A457AB6718}.Release|Any CPU.ActiveCfg = Release|Any CPU
		{7C1A0C42-72DC-4440-9EB3-F1A457AB6718}.Release|Any CPU.Build.0 = Release|Any CPU
	EndGlobalSection
	GlobalSection(SolutionProperties) = preSolution
		HideSolutionNode = FALSE
	EndGlobalSection
	GlobalSection(ExtensibilityGlobals) = postSolution
		SolutionGuid = {1B47FF3D-85F8-43F6-B4E6-EDA83BB10FE2}
	EndGlobalSection
EndGlobal
